
Microsoft Visual Studio Solution File, Format Version 12.00
Project("{2150E333-8FDC-42A3-9474-1A3956D46DE8}") = "Server", "Server", "{1FE75ED8-AEBF-4F24-8FFD-BAA8245DA6FC}"
EndProject
Project("{FAE04EC0-301F-11D3-BF4B-00C04F79EFBC}") = "Entities", "Entities\Entities.csproj", "{08717667-B300-4FD8-AED7-0844680CB18D}"
EndProject
Project("{FAE04EC0-301F-11D3-BF4B-00C04F79EFBC}") = "RepositoryContracts", "RepositoryContracts\RepositoryContracts.csproj", "{70C0D60A-75B1-4CD8-87CD-C5C8D96B9E50}"
EndProject
Project("{FAE04EC0-301F-11D3-BF4B-00C04F79EFBC}") = "InMomoryRepository", "InMomoryRepository\InMomoryRepository.csproj", "{C6AC4344-9DE1-4EBF-8CB9-F51F5B1E714B}"
EndProject
Global
	GlobalSection(SolutionConfigurationPlatforms) = preSolution
		Debug|Any CPU = Debug|Any CPU
		Release|Any CPU = Release|Any CPU
	EndGlobalSection
	GlobalSection(NestedProjects) = preSolution
		{08717667-B300-4FD8-AED7-0844680CB18D} = {1FE75ED8-AEBF-4F24-8FFD-BAA8245DA6FC}
		{70C0D60A-75B1-4CD8-87CD-C5C8D96B9E50} = {1FE75ED8-AEBF-4F24-8FFD-BAA8245DA6FC}
		{C6AC4344-9DE1-4EBF-8CB9-F51F5B1E714B} = {1FE75ED8-AEBF-4F24-8FFD-BAA8245DA6FC}
	EndGlobalSection
	GlobalSection(ProjectConfigurationPlatforms) = postSolution
		{08717667-B300-4FD8-AED7-0844680CB18D}.Debug|Any CPU.ActiveCfg = Debug|Any CPU
		{08717667-B300-4FD8-AED7-0844680CB18D}.Debug|Any CPU.Build.0 = Debug|Any CPU
		{08717667-B300-4FD8-AED7-0844680CB18D}.Release|Any CPU.ActiveCfg = Release|Any CPU
		{08717667-B300-4FD8-AED7-0844680CB18D}.Release|Any CPU.Build.0 = Release|Any CPU
		{70C0D60A-75B1-4CD8-87CD-C5C8D96B9E50}.Debug|Any CPU.ActiveCfg = Debug|Any CPU
		{70C0D60A-75B1-4CD8-87CD-C5C8D96B9E50}.Debug|Any CPU.Build.0 = Debug|Any CPU
		{70C0D60A-75B1-4CD8-87CD-C5C8D96B9E50}.Release|Any CPU.ActiveCfg = Release|Any CPU
		{70C0D60A-75B1-4CD8-87CD-C5C8D96B9E50}.Release|Any CPU.Build.0 = Release|Any CPU
		{C6AC4344-9DE1-4EBF-8CB9-F51F5B1E714B}.Debug|Any CPU.ActiveCfg = Debug|Any CPU
		{C6AC4344-9DE1-4EBF-8CB9-F51F5B1E714B}.Debug|Any CPU.Build.0 = Debug|Any CPU
		{C6AC4344-9DE1-4EBF-8CB9-F51F5B1E714B}.Release|Any CPU.ActiveCfg = Release|Any CPU
		{C6AC4344-9DE1-4EBF-8CB9-F51F5B1E714B}.Release|Any CPU.Build.0 = Release|Any CPU
	EndGlobalSection
EndGlobal
